
Microsoft Visual Studio Solution File, Format Version 12.00
# Visual Studio 2012
Project("{FAE04EC0-301F-11D3-BF4B-00C04F79EFBC}") = "Xamarin.Zendesk.Droid.Belvedere2", "Xamarin.Zendesk.Droid.Belvedere2\Xamarin.Zendesk.Droid.Belvedere2.csproj", "{7DF26161-F643-4300-95B0-2F1E65BB3F0F}"
EndProject
Project("{FAE04EC0-301F-11D3-BF4B-00C04F79EFBC}") = "Xamarin.Zendesk.Droid.Belvedere2.Core", "Xamarin.Zendesk.Droid.Belvedere2.Core\Xamarin.Zendesk.Droid.Belvedere2.Core.csproj", "{5576338F-4586-4755-93AD-38A357229167}"
EndProject
Project("{FAE04EC0-301F-11D3-BF4B-00C04F79EFBC}") = "Xamarin.Zendesk.Droid.AnswersShim", "Xamarin.Zendesk.Droid.AnswersShim\Xamarin.Zendesk.Droid.AnswersShim.csproj", "{1153C592-50C0-4B2C-99D6-A612C3222915}"
EndProject
Project("{FAE04EC0-301F-11D3-BF4B-00C04F79EFBC}") = "Xamarin.Zendesk.Droid.SupportProviders", "Xamarin.Zendesk.Droid.SupportProviders\Xamarin.Zendesk.Droid.SupportProviders.csproj", "{274093D4-FE28-42B3-A5B1-19DEE4D77333}"
EndProject
Project("{FAE04EC0-301F-11D3-BF4B-00C04F79EFBC}") = "Xamarin.Zendesk.Droid.Support", "Xamarin.Zendesk.Droid.Support\Xamarin.Zendesk.Droid.Support.csproj", "{75B75044-324A-4FA4-BC51-81558B987F0C}"
EndProject
Project("{FAE04EC0-301F-11D3-BF4B-00C04F79EFBC}") = "Xamarin.Zendesk.Droid.Core", "Xamarin.Zendesk.Droid.Core\Xamarin.Zendesk.Droid.Core.csproj", "{7FC1F6BF-0345-421D-B97E-230AEEA22FF0}"
EndProject
Project("{FAE04EC0-301F-11D3-BF4B-00C04F79EFBC}") = "Sample.Core", "Sample.Core\Sample.Core.csproj", "{B44EC90A-3FC7-4D30-8C75-40AD3C8098EB}"
EndProject
Project("{FAE04EC0-301F-11D3-BF4B-00C04F79EFBC}") = "Sample.Droid", "Sample.Droid\Sample.Droid.csproj", "{538F53A2-A47B-496A-BC42-BE742DCD6CAF}"
EndProject
Project("{FAE04EC0-301F-11D3-BF4B-00C04F79EFBC}") = "Sample.iOS", "Sample.iOS\Sample.iOS.csproj", "{167EB06F-429F-4BD4-99DB-20AC06CE7B84}"
EndProject
Project("{FAE04EC0-301F-11D3-BF4B-00C04F79EFBC}") = "Xamarin.Zendesk.iOS.Core", "Xamarin.Zendesk.iOS.Core\Xamarin.Zendesk.iOS.Core.csproj", "{E1DF9244-1AFA-4512-9567-47A0584BB50A}"
EndProject
Project("{FAE04EC0-301F-11D3-BF4B-00C04F79EFBC}") = "Xamarin.Zendesk.iOS.Providers", "Xamarin.Zendesk.iOS.Providers\Xamarin.Zendesk.iOS.Providers.csproj", "{97D2BE5E-407E-4D8F-8B37-0D4E24733968}"
EndProject
Project("{FAE04EC0-301F-11D3-BF4B-00C04F79EFBC}") = "Xamarin.Zendesk.iOS.Support", "Xamarin.Zendesk.iOS.Support\Xamarin.Zendesk.iOS.Support.csproj", "{EC105619-13BE-4E11-83E4-DC3113851282}"
EndProject
Project("{FAE04EC0-301F-11D3-BF4B-00C04F79EFBC}") = "Xamarin.Zendesk.iOS.Chat", "Xamarin.Zendesk.iOS.Chat\Xamarin.Zendesk.iOS.Chat.csproj", "{91BD8040-A8D2-4D26-8BE1-F15B8B2DF3B7}"
EndProject
Project("{FAE04EC0-301F-11D3-BF4B-00C04F79EFBC}") = "Xamarin.Zendesk.iOS.ChatApi", "Xamarin.Zendesk.iOS.ChatApi\Xamarin.Zendesk.iOS.ChatApi.csproj", "{D918541A-B0C7-4AD7-BCC8-C64FBE8C4509}"
EndProject
Project("{FAE04EC0-301F-11D3-BF4B-00C04F79EFBC}") = "Xamarin.Zemdesk.Droid.Chat", "Xamarin.Zemdesk.Droid.Chat\Xamarin.Zemdesk.Droid.Chat.csproj", "{46DC209A-E379-4B08-9302-A5FFF92C6F28}"
EndProject
Project("{FAE04EC0-301F-11D3-BF4B-00C04F79EFBC}") = "Xamarin.Zendesk.Droid.ChatApi", "Xamarin.Zendesk.Droid.ChatApi\Xamarin.Zendesk.Droid.ChatApi.csproj", "{092BBA65-684F-4B96-A2ED-D2C2364C5C7B}"
EndProject
Project("{FAE04EC0-301F-11D3-BF4B-00C04F79EFBC}") = "Xamarin.Zendesk.Droid.Belvedere", "Xamarin.Zendesk.Droid.Belvedere\Xamarin.Zendesk.Droid.Belvedere.csproj", "{9C2836BF-9B55-480A-8B82-D09B2385AF1B}"
EndProject
Global
	GlobalSection(SolutionConfigurationPlatforms) = preSolution
		Debug|Any CPU = Debug|Any CPU
		Release|Any CPU = Release|Any CPU
		Debug|iPhoneSimulator = Debug|iPhoneSimulator
		Release|iPhone = Release|iPhone
		Release|iPhoneSimulator = Release|iPhoneSimulator
		Debug|iPhone = Debug|iPhone
	EndGlobalSection
	GlobalSection(ProjectConfigurationPlatforms) = postSolution
		{7DF26161-F643-4300-95B0-2F1E65BB3F0F}.Debug|Any CPU.ActiveCfg = Debug|Any CPU
		{7DF26161-F643-4300-95B0-2F1E65BB3F0F}.Debug|Any CPU.Build.0 = Debug|Any CPU
		{7DF26161-F643-4300-95B0-2F1E65BB3F0F}.Release|Any CPU.ActiveCfg = Release|Any CPU
		{7DF26161-F643-4300-95B0-2F1E65BB3F0F}.Release|Any CPU.Build.0 = Release|Any CPU
		{7DF26161-F643-4300-95B0-2F1E65BB3F0F}.Debug|iPhoneSimulator.ActiveCfg = Debug|Any CPU
		{7DF26161-F643-4300-95B0-2F1E65BB3F0F}.Debug|iPhoneSimulator.Build.0 = Debug|Any CPU
		{7DF26161-F643-4300-95B0-2F1E65BB3F0F}.Release|iPhone.ActiveCfg = Release|Any CPU
		{7DF26161-F643-4300-95B0-2F1E65BB3F0F}.Release|iPhone.Build.0 = Release|Any CPU
		{7DF26161-F643-4300-95B0-2F1E65BB3F0F}.Release|iPhoneSimulator.ActiveCfg = Release|Any CPU
		{7DF26161-F643-4300-95B0-2F1E65BB3F0F}.Release|iPhoneSimulator.Build.0 = Release|Any CPU
		{7DF26161-F643-4300-95B0-2F1E65BB3F0F}.Debug|iPhone.ActiveCfg = Debug|Any CPU
		{7DF26161-F643-4300-95B0-2F1E65BB3F0F}.Debug|iPhone.Build.0 = Debug|Any CPU
		{5576338F-4586-4755-93AD-38A357229167}.Debug|Any CPU.ActiveCfg = Debug|Any CPU
		{5576338F-4586-4755-93AD-38A357229167}.Debug|Any CPU.Build.0 = Debug|Any CPU
		{5576338F-4586-4755-93AD-38A357229167}.Release|Any CPU.ActiveCfg = Release|Any CPU
		{5576338F-4586-4755-93AD-38A357229167}.Release|Any CPU.Build.0 = Release|Any CPU
		{5576338F-4586-4755-93AD-38A357229167}.Debug|iPhoneSimulator.ActiveCfg = Debug|Any CPU
		{5576338F-4586-4755-93AD-38A357229167}.Debug|iPhoneSimulator.Build.0 = Debug|Any CPU
		{5576338F-4586-4755-93AD-38A357229167}.Release|iPhone.ActiveCfg = Release|Any CPU
		{5576338F-4586-4755-93AD-38A357229167}.Release|iPhone.Build.0 = Release|Any CPU
		{5576338F-4586-4755-93AD-38A357229167}.Release|iPhoneSimulator.ActiveCfg = Release|Any CPU
		{5576338F-4586-4755-93AD-38A357229167}.Release|iPhoneSimulator.Build.0 = Release|Any CPU
		{5576338F-4586-4755-93AD-38A357229167}.Debug|iPhone.ActiveCfg = Debug|Any CPU
		{5576338F-4586-4755-93AD-38A357229167}.Debug|iPhone.Build.0 = Debug|Any CPU
		{1153C592-50C0-4B2C-99D6-A612C3222915}.Debug|Any CPU.ActiveCfg = Debug|Any CPU
		{1153C592-50C0-4B2C-99D6-A612C3222915}.Debug|Any CPU.Build.0 = Debug|Any CPU
		{1153C592-50C0-4B2C-99D6-A612C3222915}.Release|Any CPU.ActiveCfg = Release|Any CPU
		{1153C592-50C0-4B2C-99D6-A612C3222915}.Release|Any CPU.Build.0 = Release|Any CPU
		{1153C592-50C0-4B2C-99D6-A612C3222915}.Debug|iPhoneSimulator.ActiveCfg = Debug|Any CPU
		{1153C592-50C0-4B2C-99D6-A612C3222915}.Debug|iPhoneSimulator.Build.0 = Debug|Any CPU
		{1153C592-50C0-4B2C-99D6-A612C3222915}.Release|iPhone.ActiveCfg = Release|Any CPU
		{1153C592-50C0-4B2C-99D6-A612C3222915}.Release|iPhone.Build.0 = Release|Any CPU
		{1153C592-50C0-4B2C-99D6-A612C3222915}.Release|iPhoneSimulator.ActiveCfg = Release|Any CPU
		{1153C592-50C0-4B2C-99D6-A612C3222915}.Release|iPhoneSimulator.Build.0 = Release|Any CPU
		{1153C592-50C0-4B2C-99D6-A612C3222915}.Debug|iPhone.ActiveCfg = Debug|Any CPU
		{1153C592-50C0-4B2C-99D6-A612C3222915}.Debug|iPhone.Build.0 = Debug|Any CPU
		{274093D4-FE28-42B3-A5B1-19DEE4D77333}.Debug|Any CPU.ActiveCfg = Debug|Any CPU
		{274093D4-FE28-42B3-A5B1-19DEE4D77333}.Debug|Any CPU.Build.0 = Debug|Any CPU
		{274093D4-FE28-42B3-A5B1-19DEE4D77333}.Release|Any CPU.ActiveCfg = Release|Any CPU
		{274093D4-FE28-42B3-A5B1-19DEE4D77333}.Release|Any CPU.Build.0 = Release|Any CPU
		{274093D4-FE28-42B3-A5B1-19DEE4D77333}.Debug|iPhoneSimulator.ActiveCfg = Debug|Any CPU
		{274093D4-FE28-42B3-A5B1-19DEE4D77333}.Debug|iPhoneSimulator.Build.0 = Debug|Any CPU
		{274093D4-FE28-42B3-A5B1-19DEE4D77333}.Release|iPhone.ActiveCfg = Release|Any CPU
		{274093D4-FE28-42B3-A5B1-19DEE4D77333}.Release|iPhone.Build.0 = Release|Any CPU
		{274093D4-FE28-42B3-A5B1-19DEE4D77333}.Release|iPhoneSimulator.ActiveCfg = Release|Any CPU
		{274093D4-FE28-42B3-A5B1-19DEE4D77333}.Release|iPhoneSimulator.Build.0 = Release|Any CPU
		{274093D4-FE28-42B3-A5B1-19DEE4D77333}.Debug|iPhone.ActiveCfg = Debug|Any CPU
		{274093D4-FE28-42B3-A5B1-19DEE4D77333}.Debug|iPhone.Build.0 = Debug|Any CPU
		{75B75044-324A-4FA4-BC51-81558B987F0C}.Debug|Any CPU.ActiveCfg = Debug|Any CPU
		{75B75044-324A-4FA4-BC51-81558B987F0C}.Debug|Any CPU.Build.0 = Debug|Any CPU
		{75B75044-324A-4FA4-BC51-81558B987F0C}.Release|Any CPU.ActiveCfg = Release|Any CPU
		{75B75044-324A-4FA4-BC51-81558B987F0C}.Release|Any CPU.Build.0 = Release|Any CPU
		{75B75044-324A-4FA4-BC51-81558B987F0C}.Debug|iPhoneSimulator.ActiveCfg = Debug|Any CPU
		{75B75044-324A-4FA4-BC51-81558B987F0C}.Debug|iPhoneSimulator.Build.0 = Debug|Any CPU
		{75B75044-324A-4FA4-BC51-81558B987F0C}.Release|iPhone.ActiveCfg = Release|Any CPU
		{75B75044-324A-4FA4-BC51-81558B987F0C}.Release|iPhone.Build.0 = Release|Any CPU
		{75B75044-324A-4FA4-BC51-81558B987F0C}.Release|iPhoneSimulator.ActiveCfg = Release|Any CPU
		{75B75044-324A-4FA4-BC51-81558B987F0C}.Release|iPhoneSimulator.Build.0 = Release|Any CPU
		{75B75044-324A-4FA4-BC51-81558B987F0C}.Debug|iPhone.ActiveCfg = Debug|Any CPU
		{75B75044-324A-4FA4-BC51-81558B987F0C}.Debug|iPhone.Build.0 = Debug|Any CPU
		{7FC1F6BF-0345-421D-B97E-230AEEA22FF0}.Debug|Any CPU.ActiveCfg = Debug|Any CPU
		{7FC1F6BF-0345-421D-B97E-230AEEA22FF0}.Debug|Any CPU.Build.0 = Debug|Any CPU
		{7FC1F6BF-0345-421D-B97E-230AEEA22FF0}.Release|Any CPU.ActiveCfg = Release|Any CPU
		{7FC1F6BF-0345-421D-B97E-230AEEA22FF0}.Release|Any CPU.Build.0 = Release|Any CPU
		{7FC1F6BF-0345-421D-B97E-230AEEA22FF0}.Debug|iPhoneSimulator.ActiveCfg = Debug|Any CPU
		{7FC1F6BF-0345-421D-B97E-230AEEA22FF0}.Debug|iPhoneSimulator.Build.0 = Debug|Any CPU
		{7FC1F6BF-0345-421D-B97E-230AEEA22FF0}.Release|iPhone.ActiveCfg = Release|Any CPU
		{7FC1F6BF-0345-421D-B97E-230AEEA22FF0}.Release|iPhone.Build.0 = Release|Any CPU
		{7FC1F6BF-0345-421D-B97E-230AEEA22FF0}.Release|iPhoneSimulator.ActiveCfg = Release|Any CPU
		{7FC1F6BF-0345-421D-B97E-230AEEA22FF0}.Release|iPhoneSimulator.Build.0 = Release|Any CPU
		{7FC1F6BF-0345-421D-B97E-230AEEA22FF0}.Debug|iPhone.ActiveCfg = Debug|Any CPU
		{7FC1F6BF-0345-421D-B97E-230AEEA22FF0}.Debug|iPhone.Build.0 = Debug|Any CPU
		{B44EC90A-3FC7-4D30-8C75-40AD3C8098EB}.Debug|Any CPU.ActiveCfg = Debug|Any CPU
		{B44EC90A-3FC7-4D30-8C75-40AD3C8098EB}.Debug|Any CPU.Build.0 = Debug|Any CPU
		{B44EC90A-3FC7-4D30-8C75-40AD3C8098EB}.Release|Any CPU.ActiveCfg = Release|Any CPU
		{B44EC90A-3FC7-4D30-8C75-40AD3C8098EB}.Release|Any CPU.Build.0 = Release|Any CPU
		{B44EC90A-3FC7-4D30-8C75-40AD3C8098EB}.Debug|iPhoneSimulator.ActiveCfg = Debug|Any CPU
		{B44EC90A-3FC7-4D30-8C75-40AD3C8098EB}.Debug|iPhoneSimulator.Build.0 = Debug|Any CPU
		{B44EC90A-3FC7-4D30-8C75-40AD3C8098EB}.Release|iPhone.ActiveCfg = Release|Any CPU
		{B44EC90A-3FC7-4D30-8C75-40AD3C8098EB}.Release|iPhone.Build.0 = Release|Any CPU
		{B44EC90A-3FC7-4D30-8C75-40AD3C8098EB}.Release|iPhoneSimulator.ActiveCfg = Release|Any CPU
		{B44EC90A-3FC7-4D30-8C75-40AD3C8098EB}.Release|iPhoneSimulator.Build.0 = Release|Any CPU
		{B44EC90A-3FC7-4D30-8C75-40AD3C8098EB}.Debug|iPhone.ActiveCfg = Debug|Any CPU
		{B44EC90A-3FC7-4D30-8C75-40AD3C8098EB}.Debug|iPhone.Build.0 = Debug|Any CPU
		{538F53A2-A47B-496A-BC42-BE742DCD6CAF}.Debug|Any CPU.ActiveCfg = Debug|Any CPU
		{538F53A2-A47B-496A-BC42-BE742DCD6CAF}.Debug|Any CPU.Build.0 = Debug|Any CPU
		{538F53A2-A47B-496A-BC42-BE742DCD6CAF}.Release|Any CPU.ActiveCfg = Release|Any CPU
		{538F53A2-A47B-496A-BC42-BE742DCD6CAF}.Release|Any CPU.Build.0 = Release|Any CPU
		{538F53A2-A47B-496A-BC42-BE742DCD6CAF}.Debug|iPhoneSimulator.ActiveCfg = Debug|Any CPU
		{538F53A2-A47B-496A-BC42-BE742DCD6CAF}.Debug|iPhoneSimulator.Build.0 = Debug|Any CPU
		{538F53A2-A47B-496A-BC42-BE742DCD6CAF}.Release|iPhone.ActiveCfg = Release|Any CPU
		{538F53A2-A47B-496A-BC42-BE742DCD6CAF}.Release|iPhone.Build.0 = Release|Any CPU
		{538F53A2-A47B-496A-BC42-BE742DCD6CAF}.Release|iPhoneSimulator.ActiveCfg = Release|Any CPU
		{538F53A2-A47B-496A-BC42-BE742DCD6CAF}.Release|iPhoneSimulator.Build.0 = Release|Any CPU
		{538F53A2-A47B-496A-BC42-BE742DCD6CAF}.Debug|iPhone.ActiveCfg = Debug|Any CPU
		{538F53A2-A47B-496A-BC42-BE742DCD6CAF}.Debug|iPhone.Build.0 = Debug|Any CPU
		{167EB06F-429F-4BD4-99DB-20AC06CE7B84}.Debug|Any CPU.ActiveCfg = Debug|iPhoneSimulator
		{167EB06F-429F-4BD4-99DB-20AC06CE7B84}.Debug|Any CPU.Build.0 = Debug|iPhoneSimulator
		{167EB06F-429F-4BD4-99DB-20AC06CE7B84}.Release|Any CPU.ActiveCfg = Release|iPhone
		{167EB06F-429F-4BD4-99DB-20AC06CE7B84}.Release|Any CPU.Build.0 = Release|iPhone
		{167EB06F-429F-4BD4-99DB-20AC06CE7B84}.Debug|iPhoneSimulator.ActiveCfg = Debug|iPhoneSimulator
		{167EB06F-429F-4BD4-99DB-20AC06CE7B84}.Debug|iPhoneSimulator.Build.0 = Debug|iPhoneSimulator
		{167EB06F-429F-4BD4-99DB-20AC06CE7B84}.Release|iPhone.ActiveCfg = Release|iPhone
		{167EB06F-429F-4BD4-99DB-20AC06CE7B84}.Release|iPhone.Build.0 = Release|iPhone
		{167EB06F-429F-4BD4-99DB-20AC06CE7B84}.Release|iPhoneSimulator.ActiveCfg = Release|iPhoneSimulator
		{167EB06F-429F-4BD4-99DB-20AC06CE7B84}.Release|iPhoneSimulator.Build.0 = Release|iPhoneSimulator
		{167EB06F-429F-4BD4-99DB-20AC06CE7B84}.Debug|iPhone.ActiveCfg = Debug|iPhone
		{167EB06F-429F-4BD4-99DB-20AC06CE7B84}.Debug|iPhone.Build.0 = Debug|iPhone
		{664E7E2A-F67E-4243-B2AD-39DCA288D33E}.Debug|Any CPU.ActiveCfg = Debug|iPhoneSimulator
		{664E7E2A-F67E-4243-B2AD-39DCA288D33E}.Debug|Any CPU.Build.0 = Debug|iPhoneSimulator
		{664E7E2A-F67E-4243-B2AD-39DCA288D33E}.Release|Any CPU.ActiveCfg = Release|iPhone
		{664E7E2A-F67E-4243-B2AD-39DCA288D33E}.Release|Any CPU.Build.0 = Release|iPhone
		{664E7E2A-F67E-4243-B2AD-39DCA288D33E}.Debug|iPhoneSimulator.ActiveCfg = Debug|iPhoneSimulator
		{664E7E2A-F67E-4243-B2AD-39DCA288D33E}.Debug|iPhoneSimulator.Build.0 = Debug|iPhoneSimulator
		{664E7E2A-F67E-4243-B2AD-39DCA288D33E}.Release|iPhone.ActiveCfg = Release|iPhone
		{664E7E2A-F67E-4243-B2AD-39DCA288D33E}.Release|iPhone.Build.0 = Release|iPhone
		{664E7E2A-F67E-4243-B2AD-39DCA288D33E}.Release|iPhoneSimulator.ActiveCfg = Release|iPhoneSimulator
		{664E7E2A-F67E-4243-B2AD-39DCA288D33E}.Release|iPhoneSimulator.Build.0 = Release|iPhoneSimulator
		{664E7E2A-F67E-4243-B2AD-39DCA288D33E}.Debug|iPhone.ActiveCfg = Debug|iPhone
		{664E7E2A-F67E-4243-B2AD-39DCA288D33E}.Debug|iPhone.Build.0 = Debug|iPhone
		{3A47F8EC-49AF-4C96-B1F5-1EEDBDBE1EBF}.Debug|Any CPU.ActiveCfg = Debug|Any CPU
		{3A47F8EC-49AF-4C96-B1F5-1EEDBDBE1EBF}.Debug|Any CPU.Build.0 = Debug|Any CPU
		{3A47F8EC-49AF-4C96-B1F5-1EEDBDBE1EBF}.Release|Any CPU.ActiveCfg = Release|Any CPU
		{3A47F8EC-49AF-4C96-B1F5-1EEDBDBE1EBF}.Release|Any CPU.Build.0 = Release|Any CPU
		{3A47F8EC-49AF-4C96-B1F5-1EEDBDBE1EBF}.Debug|iPhoneSimulator.ActiveCfg = Debug|Any CPU
		{3A47F8EC-49AF-4C96-B1F5-1EEDBDBE1EBF}.Debug|iPhoneSimulator.Build.0 = Debug|Any CPU
		{3A47F8EC-49AF-4C96-B1F5-1EEDBDBE1EBF}.Release|iPhone.ActiveCfg = Release|Any CPU
		{3A47F8EC-49AF-4C96-B1F5-1EEDBDBE1EBF}.Release|iPhone.Build.0 = Release|Any CPU
		{3A47F8EC-49AF-4C96-B1F5-1EEDBDBE1EBF}.Release|iPhoneSimulator.ActiveCfg = Release|Any CPU
		{3A47F8EC-49AF-4C96-B1F5-1EEDBDBE1EBF}.Release|iPhoneSimulator.Build.0 = Release|Any CPU
		{3A47F8EC-49AF-4C96-B1F5-1EEDBDBE1EBF}.Debug|iPhone.ActiveCfg = Debug|Any CPU
		{3A47F8EC-49AF-4C96-B1F5-1EEDBDBE1EBF}.Debug|iPhone.Build.0 = Debug|Any CPU
		{E1DF9244-1AFA-4512-9567-47A0584BB50A}.Debug|Any CPU.ActiveCfg = Debug|Any CPU
		{E1DF9244-1AFA-4512-9567-47A0584BB50A}.Debug|Any CPU.Build.0 = Debug|Any CPU
		{E1DF9244-1AFA-4512-9567-47A0584BB50A}.Release|Any CPU.ActiveCfg = Release|Any CPU
		{E1DF9244-1AFA-4512-9567-47A0584BB50A}.Release|Any CPU.Build.0 = Release|Any CPU
		{E1DF9244-1AFA-4512-9567-47A0584BB50A}.Debug|iPhoneSimulator.ActiveCfg = Debug|Any CPU
		{E1DF9244-1AFA-4512-9567-47A0584BB50A}.Debug|iPhoneSimulator.Build.0 = Debug|Any CPU
		{E1DF9244-1AFA-4512-9567-47A0584BB50A}.Release|iPhone.ActiveCfg = Release|Any CPU
		{E1DF9244-1AFA-4512-9567-47A0584BB50A}.Release|iPhone.Build.0 = Release|Any CPU
		{E1DF9244-1AFA-4512-9567-47A0584BB50A}.Release|iPhoneSimulator.ActiveCfg = Release|Any CPU
		{E1DF9244-1AFA-4512-9567-47A0584BB50A}.Release|iPhoneSimulator.Build.0 = Release|Any CPU
		{E1DF9244-1AFA-4512-9567-47A0584BB50A}.Debug|iPhone.ActiveCfg = Debug|Any CPU
		{E1DF9244-1AFA-4512-9567-47A0584BB50A}.Debug|iPhone.Build.0 = Debug|Any CPU
		{97D2BE5E-407E-4D8F-8B37-0D4E24733968}.Debug|Any CPU.ActiveCfg = Debug|Any CPU
		{97D2BE5E-407E-4D8F-8B37-0D4E24733968}.Debug|Any CPU.Build.0 = Debug|Any CPU
		{97D2BE5E-407E-4D8F-8B37-0D4E24733968}.Release|Any CPU.ActiveCfg = Release|Any CPU
		{97D2BE5E-407E-4D8F-8B37-0D4E24733968}.Release|Any CPU.Build.0 = Release|Any CPU
		{97D2BE5E-407E-4D8F-8B37-0D4E24733968}.Debug|iPhoneSimulator.ActiveCfg = Debug|Any CPU
		{97D2BE5E-407E-4D8F-8B37-0D4E24733968}.Debug|iPhoneSimulator.Build.0 = Debug|Any CPU
		{97D2BE5E-407E-4D8F-8B37-0D4E24733968}.Release|iPhone.ActiveCfg = Release|Any CPU
		{97D2BE5E-407E-4D8F-8B37-0D4E24733968}.Release|iPhone.Build.0 = Release|Any CPU
		{97D2BE5E-407E-4D8F-8B37-0D4E24733968}.Release|iPhoneSimulator.ActiveCfg = Release|Any CPU
		{97D2BE5E-407E-4D8F-8B37-0D4E24733968}.Release|iPhoneSimulator.Build.0 = Release|Any CPU
		{97D2BE5E-407E-4D8F-8B37-0D4E24733968}.Debug|iPhone.ActiveCfg = Debug|Any CPU
		{97D2BE5E-407E-4D8F-8B37-0D4E24733968}.Debug|iPhone.Build.0 = Debug|Any CPU
		{EC105619-13BE-4E11-83E4-DC3113851282}.Debug|Any CPU.ActiveCfg = Debug|Any CPU
		{EC105619-13BE-4E11-83E4-DC3113851282}.Debug|Any CPU.Build.0 = Debug|Any CPU
		{EC105619-13BE-4E11-83E4-DC3113851282}.Release|Any CPU.ActiveCfg = Release|Any CPU
		{EC105619-13BE-4E11-83E4-DC3113851282}.Release|Any CPU.Build.0 = Release|Any CPU
		{EC105619-13BE-4E11-83E4-DC3113851282}.Debug|iPhoneSimulator.ActiveCfg = Debug|Any CPU
		{EC105619-13BE-4E11-83E4-DC3113851282}.Debug|iPhoneSimulator.Build.0 = Debug|Any CPU
		{EC105619-13BE-4E11-83E4-DC3113851282}.Release|iPhone.ActiveCfg = Release|Any CPU
		{EC105619-13BE-4E11-83E4-DC3113851282}.Release|iPhone.Build.0 = Release|Any CPU
		{EC105619-13BE-4E11-83E4-DC3113851282}.Release|iPhoneSimulator.ActiveCfg = Release|Any CPU
		{EC105619-13BE-4E11-83E4-DC3113851282}.Release|iPhoneSimulator.Build.0 = Release|Any CPU
		{EC105619-13BE-4E11-83E4-DC3113851282}.Debug|iPhone.ActiveCfg = Debug|Any CPU
		{EC105619-13BE-4E11-83E4-DC3113851282}.Debug|iPhone.Build.0 = Debug|Any CPU
		{91BD8040-A8D2-4D26-8BE1-F15B8B2DF3B7}.Debug|Any CPU.ActiveCfg = Debug|Any CPU
		{91BD8040-A8D2-4D26-8BE1-F15B8B2DF3B7}.Debug|Any CPU.Build.0 = Debug|Any CPU
		{91BD8040-A8D2-4D26-8BE1-F15B8B2DF3B7}.Release|Any CPU.ActiveCfg = Release|Any CPU
		{91BD8040-A8D2-4D26-8BE1-F15B8B2DF3B7}.Release|Any CPU.Build.0 = Release|Any CPU
		{91BD8040-A8D2-4D26-8BE1-F15B8B2DF3B7}.Debug|iPhoneSimulator.ActiveCfg = Debug|Any CPU
		{91BD8040-A8D2-4D26-8BE1-F15B8B2DF3B7}.Debug|iPhoneSimulator.Build.0 = Debug|Any CPU
		{91BD8040-A8D2-4D26-8BE1-F15B8B2DF3B7}.Release|iPhone.ActiveCfg = Release|Any CPU
		{91BD8040-A8D2-4D26-8BE1-F15B8B2DF3B7}.Release|iPhone.Build.0 = Release|Any CPU
		{91BD8040-A8D2-4D26-8BE1-F15B8B2DF3B7}.Release|iPhoneSimulator.ActiveCfg = Release|Any CPU
		{91BD8040-A8D2-4D26-8BE1-F15B8B2DF3B7}.Release|iPhoneSimulator.Build.0 = Release|Any CPU
		{91BD8040-A8D2-4D26-8BE1-F15B8B2DF3B7}.Debug|iPhone.ActiveCfg = Debug|Any CPU
		{91BD8040-A8D2-4D26-8BE1-F15B8B2DF3B7}.Debug|iPhone.Build.0 = Debug|Any CPU
		{D918541A-B0C7-4AD7-BCC8-C64FBE8C4509}.Debug|Any CPU.ActiveCfg = Debug|Any CPU
		{D918541A-B0C7-4AD7-BCC8-C64FBE8C4509}.Debug|Any CPU.Build.0 = Debug|Any CPU
		{D918541A-B0C7-4AD7-BCC8-C64FBE8C4509}.Release|Any CPU.ActiveCfg = Release|Any CPU
		{D918541A-B0C7-4AD7-BCC8-C64FBE8C4509}.Release|Any CPU.Build.0 = Release|Any CPU
		{D918541A-B0C7-4AD7-BCC8-C64FBE8C4509}.Debug|iPhoneSimulator.ActiveCfg = Debug|Any CPU
		{D918541A-B0C7-4AD7-BCC8-C64FBE8C4509}.Debug|iPhoneSimulator.Build.0 = Debug|Any CPU
		{D918541A-B0C7-4AD7-BCC8-C64FBE8C4509}.Release|iPhone.ActiveCfg = Release|Any CPU
		{D918541A-B0C7-4AD7-BCC8-C64FBE8C4509}.Release|iPhone.Build.0 = Release|Any CPU
		{D918541A-B0C7-4AD7-BCC8-C64FBE8C4509}.Release|iPhoneSimulator.ActiveCfg = Release|Any CPU
		{D918541A-B0C7-4AD7-BCC8-C64FBE8C4509}.Release|iPhoneSimulator.Build.0 = Release|Any CPU
		{D918541A-B0C7-4AD7-BCC8-C64FBE8C4509}.Debug|iPhone.ActiveCfg = Debug|Any CPU
		{D918541A-B0C7-4AD7-BCC8-C64FBE8C4509}.Debug|iPhone.Build.0 = Debug|Any CPU
		{46DC209A-E379-4B08-9302-A5FFF92C6F28}.Debug|Any CPU.ActiveCfg = Debug|Any CPU
		{46DC209A-E379-4B08-9302-A5FFF92C6F28}.Debug|Any CPU.Build.0 = Debug|Any CPU
		{46DC209A-E379-4B08-9302-A5FFF92C6F28}.Release|Any CPU.ActiveCfg = Release|Any CPU
		{46DC209A-E379-4B08-9302-A5FFF92C6F28}.Release|Any CPU.Build.0 = Release|Any CPU
		{46DC209A-E379-4B08-9302-A5FFF92C6F28}.Debug|iPhoneSimulator.ActiveCfg = Debug|Any CPU
		{46DC209A-E379-4B08-9302-A5FFF92C6F28}.Debug|iPhoneSimulator.Build.0 = Debug|Any CPU
		{46DC209A-E379-4B08-9302-A5FFF92C6F28}.Release|iPhone.ActiveCfg = Release|Any CPU
		{46DC209A-E379-4B08-9302-A5FFF92C6F28}.Release|iPhone.Build.0 = Release|Any CPU
		{46DC209A-E379-4B08-9302-A5FFF92C6F28}.Release|iPhoneSimulator.ActiveCfg = Release|Any CPU
		{46DC209A-E379-4B08-9302-A5FFF92C6F28}.Release|iPhoneSimulator.Build.0 = Release|Any CPU
		{46DC209A-E379-4B08-9302-A5FFF92C6F28}.Debug|iPhone.ActiveCfg = Debug|Any CPU
		{46DC209A-E379-4B08-9302-A5FFF92C6F28}.Debug|iPhone.Build.0 = Debug|Any CPU
		{092BBA65-684F-4B96-A2ED-D2C2364C5C7B}.Debug|Any CPU.ActiveCfg = Debug|Any CPU
		{092BBA65-684F-4B96-A2ED-D2C2364C5C7B}.Debug|Any CPU.Build.0 = Debug|Any CPU
		{092BBA65-684F-4B96-A2ED-D2C2364C5C7B}.Release|Any CPU.ActiveCfg = Release|Any CPU
		{092BBA65-684F-4B96-A2ED-D2C2364C5C7B}.Release|Any CPU.Build.0 = Release|Any CPU
		{092BBA65-684F-4B96-A2ED-D2C2364C5C7B}.Debug|iPhoneSimulator.ActiveCfg = Debug|Any CPU
		{092BBA65-684F-4B96-A2ED-D2C2364C5C7B}.Debug|iPhoneSimulator.Build.0 = Debug|Any CPU
		{092BBA65-684F-4B96-A2ED-D2C2364C5C7B}.Release|iPhone.ActiveCfg = Release|Any CPU
		{092BBA65-684F-4B96-A2ED-D2C2364C5C7B}.Release|iPhone.Build.0 = Release|Any CPU
		{092BBA65-684F-4B96-A2ED-D2C2364C5C7B}.Release|iPhoneSimulator.ActiveCfg = Release|Any CPU
		{092BBA65-684F-4B96-A2ED-D2C2364C5C7B}.Release|iPhoneSimulator.Build.0 = Release|Any CPU
		{092BBA65-684F-4B96-A2ED-D2C2364C5C7B}.Debug|iPhone.ActiveCfg = Debug|Any CPU
		{092BBA65-684F-4B96-A2ED-D2C2364C5C7B}.Debug|iPhone.Build.0 = Debug|Any CPU
		{9C2836BF-9B55-480A-8B82-D09B2385AF1B}.Debug|Any CPU.ActiveCfg = Debug|Any CPU
		{9C2836BF-9B55-480A-8B82-D09B2385AF1B}.Debug|Any CPU.Build.0 = Debug|Any CPU
		{9C2836BF-9B55-480A-8B82-D09B2385AF1B}.Release|Any CPU.ActiveCfg = Release|Any CPU
		{9C2836BF-9B55-480A-8B82-D09B2385AF1B}.Release|Any CPU.Build.0 = Release|Any CPU
		{9C2836BF-9B55-480A-8B82-D09B2385AF1B}.Debug|iPhoneSimulator.ActiveCfg = Debug|Any CPU
		{9C2836BF-9B55-480A-8B82-D09B2385AF1B}.Debug|iPhoneSimulator.Build.0 = Debug|Any CPU
		{9C2836BF-9B55-480A-8B82-D09B2385AF1B}.Release|iPhone.ActiveCfg = Release|Any CPU
		{9C2836BF-9B55-480A-8B82-D09B2385AF1B}.Release|iPhone.Build.0 = Release|Any CPU
		{9C2836BF-9B55-480A-8B82-D09B2385AF1B}.Release|iPhoneSimulator.ActiveCfg = Release|Any CPU
		{9C2836BF-9B55-480A-8B82-D09B2385AF1B}.Release|iPhoneSimulator.Build.0 = Release|Any CPU
		{9C2836BF-9B55-480A-8B82-D09B2385AF1B}.Debug|iPhone.ActiveCfg = Debug|Any CPU
		{9C2836BF-9B55-480A-8B82-D09B2385AF1B}.Debug|iPhone.Build.0 = Debug|Any CPU
	EndGlobalSection
EndGlobal
